
Microsoft Visual Studio Solution File, Format Version 12.00
# Visual Studio 15
VisualStudioVersion = 15.0.28307.136
MinimumVisualStudioVersion = 10.0.40219.1
Project("{FAE04EC0-301F-11D3-BF4B-00C04F79EFBC}") = "Task3b", "Task3b\Task3b.csproj", "{D1011EC9-E4D4-4B58-A500-91161D656ED5}"
EndProject
Project("{2150E333-8FDC-42A3-9474-1A3956D46DE8}") = "Solution Items", "Solution Items", "{628DCB5A-C705-4A6E-A5BB-EB6432088A29}"
EndProject
Global
	GlobalSection(SolutionConfigurationPlatforms) = preSolution
		Debug|Any CPU = Debug|Any CPU
		Release|Any CPU = Release|Any CPU
	EndGlobalSection
	GlobalSection(ProjectConfigurationPlatforms) = postSolution
		{D1011EC9-E4D4-4B58-A500-91161D656ED5}.Debug|Any CPU.ActiveCfg = Debug|Any CPU
		{D1011EC9-E4D4-4B58-A500-91161D656ED5}.Debug|Any CPU.Build.0 = Debug|Any CPU
		{D1011EC9-E4D4-4B58-A500-91161D656ED5}.Release|Any CPU.ActiveCfg = Release|Any CPU
		{D1011EC9-E4D4-4B58-A500-91161D656ED5}.Release|Any CPU.Build.0 = Release|Any CPU
	EndGlobalSection
	GlobalSection(SolutionProperties) = preSolution
		HideSolutionNode = FALSE
	EndGlobalSection
	GlobalSection(ExtensibilityGlobals) = postSolution
		SolutionGuid = {7CED3536-22C8-4134-91F4-675FF0B54AFB}
	EndGlobalSection
EndGlobal
